// !$*UTF8*$!
{
	archiveVersion = 1;
	classes = {
	};
	objectVersion = 46;
	objects = {

/* Begin PBXBuildFile section */
		7721BAF91BE6CDB100C7A7B7 /* NameEditorVC.swift in Sources */ = {isa = PBXBuildFile; fileRef = 7721BAF81BE6CDB100C7A7B7 /* NameEditorVC.swift */; };
		7770ABB31BDAD2F600630053 /* AppDelegate.swift in Sources */ = {isa = PBXBuildFile; fileRef = 7770ABB21BDAD2F600630053 /* AppDelegate.swift */; };
		7770ABB51BDAD2F600630053 /* ViewController.swift in Sources */ = {isa = PBXBuildFile; fileRef = 7770ABB41BDAD2F600630053 /* ViewController.swift */; };
		7770ABB81BDAD2F600630053 /* Main.storyboard in Resources */ = {isa = PBXBuildFile; fileRef = 7770ABB61BDAD2F600630053 /* Main.storyboard */; };
		7770ABBA1BDAD2F600630053 /* Assets.xcassets in Resources */ = {isa = PBXBuildFile; fileRef = 7770ABB91BDAD2F600630053 /* Assets.xcassets */; };
		7770ABBD1BDAD2F600630053 /* LaunchScreen.storyboard in Resources */ = {isa = PBXBuildFile; fileRef = 7770ABBB1BDAD2F600630053 /* LaunchScreen.storyboard */; };
		777674901BE2D297005F5CB4 /* FilterEditorViewController.swift in Sources */ = {isa = PBXBuildFile; fileRef = 7776748F1BE2D297005F5CB4 /* FilterEditorViewController.swift */; };
		77BD02881BF5493A0036FAD5 /* EditRedFilterVC.swift in Sources */ = {isa = PBXBuildFile; fileRef = 77BD02871BF5493A0036FAD5 /* EditRedFilterVC.swift */; };
		77BD028A1BF552FE0036FAD5 /* ContainerVC.swift in Sources */ = {isa = PBXBuildFile; fileRef = 77BD02891BF552FE0036FAD5 /* ContainerVC.swift */; };
		77C9DCBE1BE4AD0800340B92 /* Filter.swift in Sources */ = {isa = PBXBuildFile; fileRef = 77C9DCBD1BE4AD0700340B92 /* Filter.swift */; };
		77F21F371BDC5151002BF476 /* FilterTableViewController.swift in Sources */ = {isa = PBXBuildFile; fileRef = 77F21F361BDC5151002BF476 /* FilterTableViewController.swift */; };
/* End PBXBuildFile section */

/* Begin PBXFileReference section */
		7721BAF81BE6CDB100C7A7B7 /* NameEditorVC.swift */ = {isa = PBXFileReference; fileEncoding = 4; lastKnownFileType = sourcecode.swift; path = NameEditorVC.swift; sourceTree = "<group>"; };
		7770ABAF1BDAD2F600630053 /* navtest.app */ = {isa = PBXFileReference; explicitFileType = wrapper.application; includeInIndex = 0; path = navtest.app; sourceTree = BUILT_PRODUCTS_DIR; };
		7770ABB21BDAD2F600630053 /* AppDelegate.swift */ = {isa = PBXFileReference; lastKnownFileType = sourcecode.swift; path = AppDelegate.swift; sourceTree = "<group>"; };
		7770ABB41BDAD2F600630053 /* ViewController.swift */ = {isa = PBXFileReference; lastKnownFileType = sourcecode.swift; path = ViewController.swift; sourceTree = "<group>"; };
		7770ABB71BDAD2F600630053 /* Base */ = {isa = PBXFileReference; lastKnownFileType = file.storyboard; name = Base; path = Base.lproj/Main.storyboard; sourceTree = "<group>"; };
		7770ABB91BDAD2F600630053 /* Assets.xcassets */ = {isa = PBXFileReference; lastKnownFileType = folder.assetcatalog; path = Assets.xcassets; sourceTree = "<group>"; };
		7770ABBC1BDAD2F600630053 /* Base */ = {isa = PBXFileReference; lastKnownFileType = file.storyboard; name = Base; path = Base.lproj/LaunchScreen.storyboard; sourceTree = "<group>"; };
		7770ABBE1BDAD2F600630053 /* Info.plist */ = {isa = PBXFileReference; lastKnownFileType = text.plist.xml; path = Info.plist; sourceTree = "<group>"; };
		7776748F1BE2D297005F5CB4 /* FilterEditorViewController.swift */ = {isa = PBXFileReference; fileEncoding = 4; lastKnownFileType = sourcecode.swift; path = FilterEditorViewController.swift; sourceTree = "<group>"; };
		77BD02871BF5493A0036FAD5 /* EditRedFilterVC.swift */ = {isa = PBXFileReference; fileEncoding = 4; lastKnownFileType = sourcecode.swift; path = EditRedFilterVC.swift; sourceTree = "<group>"; };
		77BD02891BF552FE0036FAD5 /* ContainerVC.swift */ = {isa = PBXFileReference; fileEncoding = 4; lastKnownFileType = sourcecode.swift; path = ContainerVC.swift; sourceTree = "<group>"; };
		77C9DCBD1BE4AD0700340B92 /* Filter.swift */ = {isa = PBXFileReference; fileEncoding = 4; lastKnownFileType = sourcecode.swift; path = Filter.swift; sourceTree = "<group>"; };
		77F21F361BDC5151002BF476 /* FilterTableViewController.swift */ = {isa = PBXFileReference; fileEncoding = 4; lastKnownFileType = sourcecode.swift; path = FilterTableViewController.swift; sourceTree = "<group>"; };
/* End PBXFileReference section */

/* Begin PBXFrameworksBuildPhase section */
		7770ABAC1BDAD2F600630053 /* Frameworks */ = {
			isa = PBXFrameworksBuildPhase;
			buildActionMask = 2147483647;
			files = (
			);
			runOnlyForDeploymentPostprocessing = 0;
		};
/* End PBXFrameworksBuildPhase section */

/* Begin PBXGroup section */
		7770ABA61BDAD2F600630053 = {
			isa = PBXGroup;
			children = (
				7770ABB11BDAD2F600630053 /* navtest */,
				7770ABB01BDAD2F600630053 /* Products */,
			);
			sourceTree = "<group>";
		};
		7770ABB01BDAD2F600630053 /* Products */ = {
			isa = PBXGroup;
			children = (
				7770ABAF1BDAD2F600630053 /* navtest.app */,
			);
			name = Products;
			sourceTree = "<group>";
		};
		7770ABB11BDAD2F600630053 /* navtest */ = {
			isa = PBXGroup;
			children = (
				777E780D1BF3EE7F009864B7 /* Filters */,
				7770ABB61BDAD2F600630053 /* Main.storyboard */,
				7770ABB41BDAD2F600630053 /* ViewController.swift */,
				77F21F361BDC5151002BF476 /* FilterTableViewController.swift */,
				7776748F1BE2D297005F5CB4 /* FilterEditorViewController.swift */,
				77BD02891BF552FE0036FAD5 /* ContainerVC.swift */,
				7721BAF81BE6CDB100C7A7B7 /* NameEditorVC.swift */,
				77C9DCBD1BE4AD0700340B92 /* Filter.swift */,
				7770ABB21BDAD2F600630053 /* AppDelegate.swift */,
				7770ABB91BDAD2F600630053 /* Assets.xcassets */,
				7770ABBB1BDAD2F600630053 /* LaunchScreen.storyboard */,
				7770ABBE1BDAD2F600630053 /* Info.plist */,
			);
			path = navtest;
			sourceTree = "<group>";
		};
		777E780D1BF3EE7F009864B7 /* Filters */ = {
			isa = PBXGroup;
			children = (
				77BD02871BF5493A0036FAD5 /* EditRedFilterVC.swift */,
			);
			name = Filters;
			sourceTree = "<group>";
		};
/* End PBXGroup section */

/* Begin PBXNativeTarget section */
		7770ABAE1BDAD2F600630053 /* navtest */ = {
			isa = PBXNativeTarget;
			buildConfigurationList = 7770ABC11BDAD2F600630053 /* Build configuration list for PBXNativeTarget "navtest" */;
			buildPhases = (
				7770ABAB1BDAD2F600630053 /* Sources */,
				7770ABAC1BDAD2F600630053 /* Frameworks */,
				7770ABAD1BDAD2F600630053 /* Resources */,
			);
			buildRules = (
			);
			dependencies = (
			);
			name = navtest;
			productName = navtest;
			productReference = 7770ABAF1BDAD2F600630053 /* navtest.app */;
			productType = "com.apple.product-type.application";
		};
/* End PBXNativeTarget section */

/* Begin PBXProject section */
		7770ABA71BDAD2F600630053 /* Project object */ = {
			isa = PBXProject;
			attributes = {
				LastUpgradeCheck = 0700;
				ORGANIZATIONNAME = "Frank Reine";
				TargetAttributes = {
					7770ABAE1BDAD2F600630053 = {
						CreatedOnToolsVersion = 7.0.1;
						DevelopmentTeam = 8TV6T6N8DG;
					};
				};
			};
			buildConfigurationList = 7770ABAA1BDAD2F600630053 /* Build configuration list for PBXProject "navtest" */;
			compatibilityVersion = "Xcode 3.2";
			developmentRegion = English;
			hasScannedForEncodings = 0;
			knownRegions = (
				en,
				Base,
			);
			mainGroup = 7770ABA61BDAD2F600630053;
			productRefGroup = 7770ABB01BDAD2F600630053 /* Products */;
			projectDirPath = "";
			projectRoot = "";
			targets = (
				7770ABAE1BDAD2F600630053 /* navtest */,
			);
		};
/* End PBXProject section */

/* Begin PBXResourcesBuildPhase section */
		7770ABAD1BDAD2F600630053 /* Resources */ = {
			isa = PBXResourcesBuildPhase;
			buildActionMask = 2147483647;
			files = (
				7770ABBD1BDAD2F600630053 /* LaunchScreen.storyboard in Resources */,
				7770ABBA1BDAD2F600630053 /* Assets.xcassets in Resources */,
				7770ABB81BDAD2F600630053 /* Main.storyboard in Resources */,
			);
			runOnlyForDeploymentPostprocessing = 0;
		};
/* End PBXResourcesBuildPhase section */

/* Begin PBXSourcesBuildPhase section */
		7770ABAB1BDAD2F600630053 /* Sources */ = {
			isa = PBXSourcesBuildPhase;
			buildActionMask = 2147483647;
			files = (
				77BD028A1BF552FE0036FAD5 /* ContainerVC.swift in Sources */,
				77BD02881BF5493A0036FAD5 /* EditRedFilterVC.swift in Sources */,
				7721BAF91BE6CDB100C7A7B7 /* NameEditorVC.swift in Sources */,
				77F21F371BDC5151002BF476 /* FilterTableViewController.swift in Sources */,
				77C9DCBE1BE4AD0800340B92 /* Filter.swift in Sources */,
				7770ABB51BDAD2F600630053 /* ViewController.swift in Sources */,
				777674901BE2D297005F5CB4 /* FilterEditorViewController.swift in Sources */,
				7770ABB31BDAD2F600630053 /* AppDelegate.swift in Sources */,
			);
			runOnlyForDeploymentPostprocessing = 0;
		};
/* End PBXSourcesBuildPhase section */

/* Begin PBXVariantGroup section */
		7770ABB61BDAD2F600630053 /* Main.storyboard */ = {
			isa = PBXVariantGroup;
			children = (
				7770ABB71BDAD2F600630053 /* Base */,
			);
			name = Main.storyboard;
			sourceTree = "<group>";
		};
		7770ABBB1BDAD2F600630053 /* LaunchScreen.storyboard */ = {
			isa = PBXVariantGroup;
			children = (
				7770ABBC1BDAD2F600630053 /* Base */,
			);
			name = LaunchScreen.storyboard;
			sourceTree = "<group>";
		};
/* End PBXVariantGroup section */

/* Begin XCBuildConfiguration section */
		7770ABBF1BDAD2F600630053 /* Debug */ = {
			isa = XCBuildConfiguration;
			buildSettings = {
				ALWAYS_SEARCH_USER_PATHS = NO;
				CLANG_CXX_LANGUAGE_STANDARD = "gnu++0x";
				CLANG_CXX_LIBRARY = "libc++";
				CLANG_ENABLE_MODULES = YES;
				CLANG_ENABLE_OBJC_ARC = YES;
				CLANG_WARN_BOOL_CONVERSION = YES;
				CLANG_WARN_CONSTANT_CONVERSION = YES;
				CLANG_WARN_DIRECT_OBJC_ISA_USAGE = YES_ERROR;
				CLANG_WARN_EMPTY_BODY = YES;
				CLANG_WARN_ENUM_CONVERSION = YES;
				CLANG_WARN_INT_CONVERSION = YES;
				CLANG_WARN_OBJC_ROOT_CLASS = YES_ERROR;
				CLANG_WARN_UNREACHABLE_CODE = YES;
				CLANG_WARN__DUPLICATE_METHOD_MATCH = YES;
				CODE_SIGN_IDENTITY = "iPhone Developer";
				"CODE_SIGN_IDENTITY[sdk=iphoneos*]" = "";
				COPY_PHASE_STRIP = NO;
				DEBUG_INFORMATION_FORMAT = dwarf;
				ENABLE_STRICT_OBJC_MSGSEND = YES;
				ENABLE_TESTABILITY = YES;
				GCC_C_LANGUAGE_STANDARD = gnu99;
				GCC_DYNAMIC_NO_PIC = NO;
				GCC_NO_COMMON_BLOCKS = YES;
				GCC_OPTIMIZATION_LEVEL = 0;
				GCC_PREPROCESSOR_DEFINITIONS = (
					"DEBUG=1",
					"$(inherited)",
				);
				GCC_WARN_64_TO_32_BIT_CONVERSION = YES;
				GCC_WARN_ABOUT_RETURN_TYPE = YES_ERROR;
				GCC_WARN_UNDECLARED_SELECTOR = YES;
				GCC_WARN_UNINITIALIZED_AUTOS = YES_AGGRESSIVE;
				GCC_WARN_UNUSED_FUNCTION = YES;
				GCC_WARN_UNUSED_VARIABLE = YES;
				IPHONEOS_DEPLOYMENT_TARGET = 9.0;
				MTL_ENABLE_DEBUG_INFO = YES;
				ONLY_ACTIVE_ARCH = YES;
				SDKROOT = iphoneos;
				SWIFT_OPTIMIZATION_LEVEL = "-Onone";
			};
			name = Debug;
		};
		7770ABC01BDAD2F600630053 /* Release */ = {
			isa = XCBuildConfiguration;
			buildSettings = {
				ALWAYS_SEARCH_USER_PATHS = NO;
				CLANG_CXX_LANGUAGE_STANDARD = "gnu++0x";
				CLANG_CXX_LIBRARY = "libc++";
				CLANG_ENABLE_MODULES = YES;
				CLANG_ENABLE_OBJC_ARC = YES;
				CLANG_WARN_BOOL_CONVERSION = YES;
				CLANG_WARN_CONSTANT_CONVERSION = YES;
				CLANG_WARN_DIRECT_OBJC_ISA_USAGE = YES_ERROR;
				CLANG_WARN_EMPTY_BODY = YES;
				CLANG_WARN_ENUM_CONVERSION = YES;
				CLANG_WARN_INT_CONVERSION = YES;
				CLANG_WARN_OBJC_ROOT_CLASS = YES_ERROR;
				CLANG_WARN_UNREACHABLE_CODE = YES;
				CLANG_WARN__DUPLICATE_METHOD_MATCH = YES;
				CODE_SIGN_IDENTITY = "iPhone Developer";
				"CODE_SIGN_IDENTITY[sdk=iphoneos*]" = "";
				COPY_PHASE_STRIP = NO;
				DEBUG_INFORMATION_FORMAT = "dwarf-with-dsym";
				ENABLE_NS_ASSERTIONS = NO;
				ENABLE_STRICT_OBJC_MSGSEND = YES;
				GCC_C_LANGUAGE_STANDARD = gnu99;
				GCC_NO_COMMON_BLOCKS = YES;
				GCC_WARN_64_TO_32_BIT_CONVERSION = YES;
				GCC_WARN_ABOUT_RETURN_TYPE = YES_ERROR;
				GCC_WARN_UNDECLARED_SELECTOR = YES;
				GCC_WARN_UNINITIALIZED_AUTOS = YES_AGGRESSIVE;
				GCC_WARN_UNUSED_FUNCTION = YES;
				GCC_WARN_UNUSED_VARIABLE = YES;
				IPHONEOS_DEPLOYMENT_TARGET = 9.0;
				MTL_ENABLE_DEBUG_INFO = NO;
				SDKROOT = iphoneos;
				VALIDATE_PRODUCT = YES;
			};
			name = Release;
		};
		7770ABC21BDAD2F600630053 /* Debug */ = {
			isa = XCBuildConfiguration;
			buildSettings = {
				ASSETCATALOG_COMPILER_APPICON_NAME = AppIcon;
				CODE_SIGN_IDENTITY = "iPhone Developer";
				"CODE_SIGN_IDENTITY[sdk=iphoneos*]" = "iPhone Developer";
				EMBEDDED_CONTENT_CONTAINS_SWIFT = NO;
				INFOPLIST_FILE = navtest/Info.plist;
				LD_RUNPATH_SEARCH_PATHS = "$(inherited) @executable_path/Frameworks";
				PRODUCT_BUNDLE_IDENTIFIER = com.comutr.navtest;
				PRODUCT_NAME = "$(TARGET_NAME)";
				PROVISIONING_PROFILE = "";
			};
			name = Debug;
		};
		7770ABC31BDAD2F600630053 /* Release */ = {
			isa = XCBuildConfiguration;
			buildSettings = {
				ASSETCATALOG_COMPILER_APPICON_NAME = AppIcon;
				CODE_SIGN_IDENTITY = "iPhone Developer";
				"CODE_SIGN_IDENTITY[sdk=iphoneos*]" = "iPhone Developer";
				EMBEDDED_CONTENT_CONTAINS_SWIFT = NO;
				INFOPLIST_FILE = navtest/Info.plist;
				LD_RUNPATH_SEARCH_PATHS = "$(inherited) @executable_path/Frameworks";
				PRODUCT_BUNDLE_IDENTIFIER = com.comutr.navtest;
				PRODUCT_NAME = "$(TARGET_NAME)";
				PROVISIONING_PROFILE = "";
			};
			name = Release;
		};
/* End XCBuildConfiguration section */

/* Begin XCConfigurationList section */
		7770ABAA1BDAD2F600630053 /* Build configuration list for PBXProject "navtest" */ = {
			isa = XCConfigurationList;
			buildConfigurations = (
				7770ABBF1BDAD2F600630053 /* Debug */,
				7770ABC01BDAD2F600630053 /* Release */,
			);
			defaultConfigurationIsVisible = 0;
			defaultConfigurationName = Release;
		};
		7770ABC11BDAD2F600630053 /* Build configuration list for PBXNativeTarget "navtest" */ = {
			isa = XCConfigurationList;
			buildConfigurations = (
				7770ABC21BDAD2F600630053 /* Debug */,
				7770ABC31BDAD2F600630053 /* Release */,
			);
			defaultConfigurationIsVisible = 0;
			defaultConfigurationName = Release;
		};
/* End XCConfigurationList section */
	};
	rootObject = 7770ABA71BDAD2F600630053 /* Project object */;
}
